
Microsoft Visual Studio Solution File, Format Version 12.00
# Visual Studio Version 17
VisualStudioVersion = 17.0.31903.59
MinimumVisualStudioVersion = 10.0.40219.1
Project("{9A19103F-16F7-4668-BE54-9A1E7A4F7556}") = "API.InfusedReality.com", "API.InfusedReality.com\API.InfusedReality.com.csproj", "{E63C11D2-B07A-46AD-A072-50C499C33DEF}"
EndProject
Project("{9A19103F-16F7-4668-BE54-9A1E7A4F7556}") = "TwitchIntegration", "TwitchIntegration\TwitchIntegration.csproj", "{2D09610A-1A41-4732-842A-2ED7A515F1E0}"
EndProject
Project("{9A19103F-16F7-4668-BE54-9A1E7A4F7556}") = "DiscordIntegration", "DiscordIntegration\DiscordIntegration.csproj", "{D7C41A35-6269-4E8E-A39C-8C2DB2057ED4}"
EndProject
Project("{9A19103F-16F7-4668-BE54-9A1E7A4F7556}") = "DiscordBot.Data", "DiscordBot.Data\DiscordBot.Data.csproj", "{24565841-BAD4-4051-93F1-E316BA4E043A}"
EndProject
Project("{9A19103F-16F7-4668-BE54-9A1E7A4F7556}") = "DiscordBot.Core", "DiscordBot.Core\DiscordBot.Core.csproj", "{211FF678-158B-4378-9538-95273C3863BA}"
EndProject
Project("{9A19103F-16F7-4668-BE54-9A1E7A4F7556}") = "DiscordBot", "DiscordBot\DiscordBot.csproj", "{587619D3-B8D6-4BB9-84A7-87712284B450}"
EndProject
Project("{FAE04EC0-301F-11D3-BF4B-00C04F79EFBC}") = "DiscordBotTemplates", "DiscordBotTemplates\DiscordBotTemplates.csproj", "{800970B1-FCD4-4BF1-83A3-7285D6737CAF}"
EndProject
Global
	GlobalSection(SolutionConfigurationPlatforms) = preSolution
		Debug|Any CPU = Debug|Any CPU
		Debug|x86 = Debug|x86
		Release|Any CPU = Release|Any CPU
		Release|x86 = Release|x86
	EndGlobalSection
	GlobalSection(ProjectConfigurationPlatforms) = postSolution
		{E63C11D2-B07A-46AD-A072-50C499C33DEF}.Debug|Any CPU.ActiveCfg = Debug|Any CPU
		{E63C11D2-B07A-46AD-A072-50C499C33DEF}.Debug|Any CPU.Build.0 = Debug|Any CPU
		{E63C11D2-B07A-46AD-A072-50C499C33DEF}.Debug|x86.ActiveCfg = Debug|Any CPU
		{E63C11D2-B07A-46AD-A072-50C499C33DEF}.Debug|x86.Build.0 = Debug|Any CPU
		{E63C11D2-B07A-46AD-A072-50C499C33DEF}.Release|Any CPU.ActiveCfg = Release|Any CPU
		{E63C11D2-B07A-46AD-A072-50C499C33DEF}.Release|Any CPU.Build.0 = Release|Any CPU
		{E63C11D2-B07A-46AD-A072-50C499C33DEF}.Release|x86.ActiveCfg = Release|Any CPU
		{E63C11D2-B07A-46AD-A072-50C499C33DEF}.Release|x86.Build.0 = Release|Any CPU
		{2D09610A-1A41-4732-842A-2ED7A515F1E0}.Debug|Any CPU.ActiveCfg = Debug|Any CPU
		{2D09610A-1A41-4732-842A-2ED7A515F1E0}.Debug|Any CPU.Build.0 = Debug|Any CPU
		{2D09610A-1A41-4732-842A-2ED7A515F1E0}.Debug|x86.ActiveCfg = Debug|Any CPU
		{2D09610A-1A41-4732-842A-2ED7A515F1E0}.Debug|x86.Build.0 = Debug|Any CPU
		{2D09610A-1A41-4732-842A-2ED7A515F1E0}.Release|Any CPU.ActiveCfg = Release|Any CPU
		{2D09610A-1A41-4732-842A-2ED7A515F1E0}.Release|Any CPU.Build.0 = Release|Any CPU
		{2D09610A-1A41-4732-842A-2ED7A515F1E0}.Release|x86.ActiveCfg = Release|Any CPU
		{2D09610A-1A41-4732-842A-2ED7A515F1E0}.Release|x86.Build.0 = Release|Any CPU
		{D7C41A35-6269-4E8E-A39C-8C2DB2057ED4}.Debug|Any CPU.ActiveCfg = Debug|Any CPU
		{D7C41A35-6269-4E8E-A39C-8C2DB2057ED4}.Debug|Any CPU.Build.0 = Debug|Any CPU
		{D7C41A35-6269-4E8E-A39C-8C2DB2057ED4}.Debug|x86.ActiveCfg = Debug|Any CPU
		{D7C41A35-6269-4E8E-A39C-8C2DB2057ED4}.Debug|x86.Build.0 = Debug|Any CPU
		{D7C41A35-6269-4E8E-A39C-8C2DB2057ED4}.Release|Any CPU.ActiveCfg = Release|Any CPU
		{D7C41A35-6269-4E8E-A39C-8C2DB2057ED4}.Release|Any CPU.Build.0 = Release|Any CPU
		{D7C41A35-6269-4E8E-A39C-8C2DB2057ED4}.Release|x86.ActiveCfg = Release|Any CPU
		{D7C41A35-6269-4E8E-A39C-8C2DB2057ED4}.Release|x86.Build.0 = Release|Any CPU
		{24565841-BAD4-4051-93F1-E316BA4E043A}.Debug|Any CPU.ActiveCfg = Debug|Any CPU
		{24565841-BAD4-4051-93F1-E316BA4E043A}.Debug|Any CPU.Build.0 = Debug|Any CPU
		{24565841-BAD4-4051-93F1-E316BA4E043A}.Debug|x86.ActiveCfg = Debug|Any CPU
		{24565841-BAD4-4051-93F1-E316BA4E043A}.Debug|x86.Build.0 = Debug|Any CPU
		{24565841-BAD4-4051-93F1-E316BA4E043A}.Release|Any CPU.ActiveCfg = Release|Any CPU
		{24565841-BAD4-4051-93F1-E316BA4E043A}.Release|Any CPU.Build.0 = Release|Any CPU
		{24565841-BAD4-4051-93F1-E316BA4E043A}.Release|x86.ActiveCfg = Release|Any CPU
		{24565841-BAD4-4051-93F1-E316BA4E043A}.Release|x86.Build.0 = Release|Any CPU
		{211FF678-158B-4378-9538-95273C3863BA}.Debug|Any CPU.ActiveCfg = Debug|Any CPU
		{211FF678-158B-4378-9538-95273C3863BA}.Debug|Any CPU.Build.0 = Debug|Any CPU
		{211FF678-158B-4378-9538-95273C3863BA}.Debug|x86.ActiveCfg = Debug|Any CPU
		{211FF678-158B-4378-9538-95273C3863BA}.Debug|x86.Build.0 = Debug|Any CPU
		{211FF678-158B-4378-9538-95273C3863BA}.Release|Any CPU.ActiveCfg = Release|Any CPU
		{211FF678-158B-4378-9538-95273C3863BA}.Release|Any CPU.Build.0 = Release|Any CPU
		{211FF678-158B-4378-9538-95273C3863BA}.Release|x86.ActiveCfg = Release|Any CPU
		{211FF678-158B-4378-9538-95273C3863BA}.Release|x86.Build.0 = Release|Any CPU
		{587619D3-B8D6-4BB9-84A7-87712284B450}.Debug|Any CPU.ActiveCfg = Debug|Any CPU
		{587619D3-B8D6-4BB9-84A7-87712284B450}.Debug|Any CPU.Build.0 = Debug|Any CPU
		{587619D3-B8D6-4BB9-84A7-87712284B450}.Debug|x86.ActiveCfg = Debug|Any CPU
		{587619D3-B8D6-4BB9-84A7-87712284B450}.Debug|x86.Build.0 = Debug|Any CPU
		{587619D3-B8D6-4BB9-84A7-87712284B450}.Release|Any CPU.ActiveCfg = Release|Any CPU
		{587619D3-B8D6-4BB9-84A7-87712284B450}.Release|Any CPU.Build.0 = Release|Any CPU
		{587619D3-B8D6-4BB9-84A7-87712284B450}.Release|x86.ActiveCfg = Release|Any CPU
		{587619D3-B8D6-4BB9-84A7-87712284B450}.Release|x86.Build.0 = Release|Any CPU
		{800970B1-FCD4-4BF1-83A3-7285D6737CAF}.Debug|Any CPU.ActiveCfg = Debug|Any CPU
		{800970B1-FCD4-4BF1-83A3-7285D6737CAF}.Debug|Any CPU.Build.0 = Debug|Any CPU
		{800970B1-FCD4-4BF1-83A3-7285D6737CAF}.Debug|x86.ActiveCfg = Debug|x86
		{800970B1-FCD4-4BF1-83A3-7285D6737CAF}.Debug|x86.Build.0 = Debug|x86
		{800970B1-FCD4-4BF1-83A3-7285D6737CAF}.Release|Any CPU.ActiveCfg = Release|Any CPU
		{800970B1-FCD4-4BF1-83A3-7285D6737CAF}.Release|Any CPU.Build.0 = Release|Any CPU
		{800970B1-FCD4-4BF1-83A3-7285D6737CAF}.Release|x86.ActiveCfg = Release|x86
		{800970B1-FCD4-4BF1-83A3-7285D6737CAF}.Release|x86.Build.0 = Release|x86
	EndGlobalSection
	GlobalSection(SolutionProperties) = preSolution
		HideSolutionNode = FALSE
	EndGlobalSection
	GlobalSection(ExtensibilityGlobals) = postSolution
		SolutionGuid = {E629FE8B-D503-4E74-9A62-22788F347482}
	EndGlobalSection
EndGlobal
